// !$*UTF8*$!
{
	archiveVersion = 1;
	classes = {
	};
	objectVersion = 46;
	objects = {

/* Begin PBXBuildFile section */
		051FF65C1AC9E8CF00230E5E /* PopoverViewController.m in Sources */ = {isa = PBXBuildFile; fileRef = 051FF65A1AC9E8CF00230E5E /* PopoverViewController.m */; };
		051FF65D1AC9E8CF00230E5E /* PopoverViewController.xib in Resources */ = {isa = PBXBuildFile; fileRef = 051FF65B1AC9E8CF00230E5E /* PopoverViewController.xib */; };
		051FF6631ACB139200230E5E /* DropListViewController.m in Sources */ = {isa = PBXBuildFile; fileRef = 051FF6611ACB139200230E5E /* DropListViewController.m */; };
		051FF6641ACB139200230E5E /* DropListViewController.xib in Resources */ = {isa = PBXBuildFile; fileRef = 051FF6621ACB139200230E5E /* DropListViewController.xib */; };
		05A0BD701AC2652E006A8686 /* AppDelegate.m in Sources */ = {isa = PBXBuildFile; fileRef = 05A0BD6F1AC2652E006A8686 /* AppDelegate.m */; };
		05A0BD721AC2652E006A8686 /* main.m in Sources */ = {isa = PBXBuildFile; fileRef = 05A0BD711AC2652E006A8686 /* main.m */; };
		05A0BD741AC2652E006A8686 /* Images.xcassets in Resources */ = {isa = PBXBuildFile; fileRef = 05A0BD731AC2652E006A8686 /* Images.xcassets */; };
		05A0BD771AC2652F006A8686 /* MainMenu.xib in Resources */ = {isa = PBXBuildFile; fileRef = 05A0BD751AC2652F006A8686 /* MainMenu.xib */; };
		05A0BD831AC2652F006A8686 /* DropitTests.m in Sources */ = {isa = PBXBuildFile; fileRef = 05A0BD821AC2652F006A8686 /* DropitTests.m */; };
		05A0BD941AC2809A006A8686 /* DropitStatusBarItem.m in Sources */ = {isa = PBXBuildFile; fileRef = 05A0BD931AC2809A006A8686 /* DropitStatusBarItem.m */; };
		05C0005C1AD721F500122F14 /* Upload.m in Sources */ = {isa = PBXBuildFile; fileRef = 05C0005B1AD721F500122F14 /* Upload.m */; };
		05C000681AD82FBD00122F14 /* drop.png in Resources */ = {isa = PBXBuildFile; fileRef = 05C000671AD82FBD00122F14 /* drop.png */; };
		05C0006E1AD832F200122F14 /* UploadController.m in Sources */ = {isa = PBXBuildFile; fileRef = 05C0006D1AD832F200122F14 /* UploadController.m */; };
		05C1085A1ADD8D4C00477D15 /* drop_0.png in Resources */ = {isa = PBXBuildFile; fileRef = 05C108501ADD8D4C00477D15 /* drop_0.png */; };
		05C1085B1ADD8D4C00477D15 /* drop_10.png in Resources */ = {isa = PBXBuildFile; fileRef = 05C108511ADD8D4C00477D15 /* drop_10.png */; };
		05C1085C1ADD8D4C00477D15 /* drop_25.png in Resources */ = {isa = PBXBuildFile; fileRef = 05C108521ADD8D4C00477D15 /* drop_25.png */; };
		05C1085D1ADD8D4C00477D15 /* drop_40.png in Resources */ = {isa = PBXBuildFile; fileRef = 05C108531ADD8D4C00477D15 /* drop_40.png */; };
		05C1085E1ADD8D4C00477D15 /* drop_50.png in Resources */ = {isa = PBXBuildFile; fileRef = 05C108541ADD8D4C00477D15 /* drop_50.png */; };
		05C1085F1ADD8D4C00477D15 /* drop_65.png in Resources */ = {isa = PBXBuildFile; fileRef = 05C108551ADD8D4C00477D15 /* drop_65.png */; };
		05C108601ADD8D4C00477D15 /* drop_75.png in Resources */ = {isa = PBXBuildFile; fileRef = 05C108561ADD8D4C00477D15 /* drop_75.png */; };
		05C108611ADD8D4C00477D15 /* drop_90.png in Resources */ = {isa = PBXBuildFile; fileRef = 05C108571ADD8D4C00477D15 /* drop_90.png */; };
		05C108621ADD8D4C00477D15 /* drop_error.png in Resources */ = {isa = PBXBuildFile; fileRef = 05C108581ADD8D4C00477D15 /* drop_error.png */; };
		05C108631ADD8D4C00477D15 /* drop_ok.png in Resources */ = {isa = PBXBuildFile; fileRef = 05C108591ADD8D4C00477D15 /* drop_ok.png */; };
		05C1089F1AE1C3C000477D15 /* ScreenshotAutoUploader.m in Sources */ = {isa = PBXBuildFile; fileRef = 05C1089E1AE1C3C000477D15 /* ScreenshotAutoUploader.m */; };
		05C1E2111AD867360022936F /* ConfigurationViewController.m in Sources */ = {isa = PBXBuildFile; fileRef = 05C1E20F1AD867360022936F /* ConfigurationViewController.m */; };
		05C1E2121AD867360022936F /* ConfigurationViewController.xib in Resources */ = {isa = PBXBuildFile; fileRef = 05C1E2101AD867360022936F /* ConfigurationViewController.xib */; };
		EFCB0CEB7F5399678CB57ACF /* libPods-Dropit.a in Frameworks */ = {isa = PBXBuildFile; fileRef = 5069B131DE06623663ECC337 /* libPods-Dropit.a */; };
/* End PBXBuildFile section */

/* Begin PBXContainerItemProxy section */
		05A0BD7D1AC2652F006A8686 /* PBXContainerItemProxy */ = {
			isa = PBXContainerItemProxy;
			containerPortal = 05A0BD611AC2652E006A8686 /* Project object */;
			proxyType = 1;
			remoteGlobalIDString = 05A0BD681AC2652E006A8686;
			remoteInfo = Dropit;
		};
/* End PBXContainerItemProxy section */

/* Begin PBXFileReference section */
		051FF6591AC9E8CF00230E5E /* PopoverViewController.h */ = {isa = PBXFileReference; fileEncoding = 4; lastKnownFileType = sourcecode.c.h; path = PopoverViewController.h; sourceTree = "<group>"; };
		051FF65A1AC9E8CF00230E5E /* PopoverViewController.m */ = {isa = PBXFileReference; fileEncoding = 4; lastKnownFileType = sourcecode.c.objc; path = PopoverViewController.m; sourceTree = "<group>"; };
		051FF65B1AC9E8CF00230E5E /* PopoverViewController.xib */ = {isa = PBXFileReference; fileEncoding = 4; lastKnownFileType = file.xib; path = PopoverViewController.xib; sourceTree = "<group>"; };
		051FF6601ACB139200230E5E /* DropListViewController.h */ = {isa = PBXFileReference; fileEncoding = 4; lastKnownFileType = sourcecode.c.h; path = DropListViewController.h; sourceTree = "<group>"; };
		051FF6611ACB139200230E5E /* DropListViewController.m */ = {isa = PBXFileReference; fileEncoding = 4; lastKnownFileType = sourcecode.c.objc; path = DropListViewController.m; sourceTree = "<group>"; };
		051FF6621ACB139200230E5E /* DropListViewController.xib */ = {isa = PBXFileReference; fileEncoding = 4; lastKnownFileType = file.xib; path = DropListViewController.xib; sourceTree = "<group>"; };
		05A0BD691AC2652E006A8686 /* Dropit.app */ = {isa = PBXFileReference; explicitFileType = wrapper.application; includeInIndex = 0; path = Dropit.app; sourceTree = BUILT_PRODUCTS_DIR; };
		05A0BD6D1AC2652E006A8686 /* Info.plist */ = {isa = PBXFileReference; lastKnownFileType = text.plist.xml; path = Info.plist; sourceTree = "<group>"; };
		05A0BD6E1AC2652E006A8686 /* AppDelegate.h */ = {isa = PBXFileReference; lastKnownFileType = sourcecode.c.h; path = AppDelegate.h; sourceTree = "<group>"; };
		05A0BD6F1AC2652E006A8686 /* AppDelegate.m */ = {isa = PBXFileReference; lastKnownFileType = sourcecode.c.objc; path = AppDelegate.m; sourceTree = "<group>"; };
		05A0BD711AC2652E006A8686 /* main.m */ = {isa = PBXFileReference; lastKnownFileType = sourcecode.c.objc; path = main.m; sourceTree = "<group>"; };
		05A0BD731AC2652E006A8686 /* Images.xcassets */ = {isa = PBXFileReference; lastKnownFileType = folder.assetcatalog; path = Images.xcassets; sourceTree = "<group>"; };
		05A0BD761AC2652F006A8686 /* Base */ = {isa = PBXFileReference; lastKnownFileType = file.xib; name = Base; path = Base.lproj/MainMenu.xib; sourceTree = "<group>"; };
		05A0BD7C1AC2652F006A8686 /* DropitTests.xctest */ = {isa = PBXFileReference; explicitFileType = wrapper.cfbundle; includeInIndex = 0; path = DropitTests.xctest; sourceTree = BUILT_PRODUCTS_DIR; };
		05A0BD811AC2652F006A8686 /* Info.plist */ = {isa = PBXFileReference; lastKnownFileType = text.plist.xml; path = Info.plist; sourceTree = "<group>"; };
		05A0BD821AC2652F006A8686 /* DropitTests.m */ = {isa = PBXFileReference; lastKnownFileType = sourcecode.c.objc; path = DropitTests.m; sourceTree = "<group>"; };
		05A0BD921AC2809A006A8686 /* DropitStatusBarItem.h */ = {isa = PBXFileReference; fileEncoding = 4; lastKnownFileType = sourcecode.c.h; path = DropitStatusBarItem.h; sourceTree = "<group>"; };
		05A0BD931AC2809A006A8686 /* DropitStatusBarItem.m */ = {isa = PBXFileReference; fileEncoding = 4; lastKnownFileType = sourcecode.c.objc; path = DropitStatusBarItem.m; sourceTree = "<group>"; };
		05C0005A1AD721F500122F14 /* Upload.h */ = {isa = PBXFileReference; fileEncoding = 4; lastKnownFileType = sourcecode.c.h; path = Upload.h; sourceTree = "<group>"; };
		05C0005B1AD721F500122F14 /* Upload.m */ = {isa = PBXFileReference; fileEncoding = 4; lastKnownFileType = sourcecode.c.objc; path = Upload.m; sourceTree = "<group>"; };
		05C000671AD82FBD00122F14 /* drop.png */ = {isa = PBXFileReference; lastKnownFileType = image.png; path = drop.png; sourceTree = "<group>"; };
		05C0006C1AD832F200122F14 /* UploadController.h */ = {isa = PBXFileReference; fileEncoding = 4; lastKnownFileType = sourcecode.c.h; path = UploadController.h; sourceTree = "<group>"; };
		05C0006D1AD832F200122F14 /* UploadController.m */ = {isa = PBXFileReference; fileEncoding = 4; lastKnownFileType = sourcecode.c.objc; path = UploadController.m; sourceTree = "<group>"; };
		05C108501ADD8D4C00477D15 /* drop_0.png */ = {isa = PBXFileReference; lastKnownFileType = image.png; path = drop_0.png; sourceTree = "<group>"; };
		05C108511ADD8D4C00477D15 /* drop_10.png */ = {isa = PBXFileReference; lastKnownFileType = image.png; path = drop_10.png; sourceTree = "<group>"; };
		05C108521ADD8D4C00477D15 /* drop_25.png */ = {isa = PBXFileReference; lastKnownFileType = image.png; path = drop_25.png; sourceTree = "<group>"; };
		05C108531ADD8D4C00477D15 /* drop_40.png */ = {isa = PBXFileReference; lastKnownFileType = image.png; path = drop_40.png; sourceTree = "<group>"; };
		05C108541ADD8D4C00477D15 /* drop_50.png */ = {isa = PBXFileReference; lastKnownFileType = image.png; path = drop_50.png; sourceTree = "<group>"; };
		05C108551ADD8D4C00477D15 /* drop_65.png */ = {isa = PBXFileReference; lastKnownFileType = image.png; path = drop_65.png; sourceTree = "<group>"; };
		05C108561ADD8D4C00477D15 /* drop_75.png */ = {isa = PBXFileReference; lastKnownFileType = image.png; path = drop_75.png; sourceTree = "<group>"; };
		05C108571ADD8D4C00477D15 /* drop_90.png */ = {isa = PBXFileReference; lastKnownFileType = image.png; path = drop_90.png; sourceTree = "<group>"; };
		05C108581ADD8D4C00477D15 /* drop_error.png */ = {isa = PBXFileReference; lastKnownFileType = image.png; path = drop_error.png; sourceTree = "<group>"; };
		05C108591ADD8D4C00477D15 /* drop_ok.png */ = {isa = PBXFileReference; lastKnownFileType = image.png; path = drop_ok.png; sourceTree = "<group>"; };
		05C1089D1AE1C3C000477D15 /* ScreenshotAutoUploader.h */ = {isa = PBXFileReference; fileEncoding = 4; lastKnownFileType = sourcecode.c.h; name = ScreenshotAutoUploader.h; path = ../ScreenshotAutoUploader.h; sourceTree = "<group>"; };
		05C1089E1AE1C3C000477D15 /* ScreenshotAutoUploader.m */ = {isa = PBXFileReference; fileEncoding = 4; lastKnownFileType = sourcecode.c.objc; name = ScreenshotAutoUploader.m; path = ../ScreenshotAutoUploader.m; sourceTree = "<group>"; };
		05C1E20E1AD867360022936F /* ConfigurationViewController.h */ = {isa = PBXFileReference; fileEncoding = 4; lastKnownFileType = sourcecode.c.h; path = ConfigurationViewController.h; sourceTree = "<group>"; };
		05C1E20F1AD867360022936F /* ConfigurationViewController.m */ = {isa = PBXFileReference; fileEncoding = 4; lastKnownFileType = sourcecode.c.objc; path = ConfigurationViewController.m; sourceTree = "<group>"; };
		05C1E2101AD867360022936F /* ConfigurationViewController.xib */ = {isa = PBXFileReference; fileEncoding = 4; lastKnownFileType = file.xib; path = ConfigurationViewController.xib; sourceTree = "<group>"; };
		05C1E2141AD868290022936F /* Configuration.h */ = {isa = PBXFileReference; lastKnownFileType = sourcecode.c.h; name = Configuration.h; path = ../Configuration.h; sourceTree = "<group>"; };
		3198A853D87787295E813639 /* Pods-Dropit.debug.xcconfig */ = {isa = PBXFileReference; includeInIndex = 1; lastKnownFileType = text.xcconfig; name = "Pods-Dropit.debug.xcconfig"; path = "Pods/Target Support Files/Pods-Dropit/Pods-Dropit.debug.xcconfig"; sourceTree = "<group>"; };
		5069B131DE06623663ECC337 /* libPods-Dropit.a */ = {isa = PBXFileReference; explicitFileType = archive.ar; includeInIndex = 0; path = "libPods-Dropit.a"; sourceTree = BUILT_PRODUCTS_DIR; };
		B008D2AD57AA9772C62CE17F /* Pods-Dropit.release.xcconfig */ = {isa = PBXFileReference; includeInIndex = 1; lastKnownFileType = text.xcconfig; name = "Pods-Dropit.release.xcconfig"; path = "Pods/Target Support Files/Pods-Dropit/Pods-Dropit.release.xcconfig"; sourceTree = "<group>"; };
/* End PBXFileReference section */

/* Begin PBXFrameworksBuildPhase section */
		05A0BD661AC2652E006A8686 /* Frameworks */ = {
			isa = PBXFrameworksBuildPhase;
			buildActionMask = 2147483647;
			files = (
				EFCB0CEB7F5399678CB57ACF /* libPods-Dropit.a in Frameworks */,
			);
			runOnlyForDeploymentPostprocessing = 0;
		};
		05A0BD791AC2652F006A8686 /* Frameworks */ = {
			isa = PBXFrameworksBuildPhase;
			buildActionMask = 2147483647;
			files = (
			);
			runOnlyForDeploymentPostprocessing = 0;
		};
/* End PBXFrameworksBuildPhase section */

/* Begin PBXGroup section */
		05A0BD601AC2652E006A8686 = {
			isa = PBXGroup;
			children = (
				05C1088C1AE199A800477D15 /* Vendor */,
				05A0BD6B1AC2652E006A8686 /* Dropit */,
				05A0BD7F1AC2652F006A8686 /* DropitTests */,
				05A0BD6A1AC2652E006A8686 /* Products */,
				C1BF4833F8DCA5278B0EE69F /* Pods */,
				38A7AE2BA446B0B31F371A93 /* Frameworks */,
			);
			sourceTree = "<group>";
		};
		05A0BD6A1AC2652E006A8686 /* Products */ = {
			isa = PBXGroup;
			children = (
				05A0BD691AC2652E006A8686 /* Dropit.app */,
				05A0BD7C1AC2652F006A8686 /* DropitTests.xctest */,
			);
			name = Products;
			sourceTree = "<group>";
		};
		05A0BD6B1AC2652E006A8686 /* Dropit */ = {
			isa = PBXGroup;
			children = (
				05A0BD6E1AC2652E006A8686 /* AppDelegate.h */,
				05A0BD6F1AC2652E006A8686 /* AppDelegate.m */,
				05A0BD921AC2809A006A8686 /* DropitStatusBarItem.h */,
				05A0BD931AC2809A006A8686 /* DropitStatusBarItem.m */,
				05A0BD731AC2652E006A8686 /* Images.xcassets */,
				05A0BD751AC2652F006A8686 /* MainMenu.xib */,
				05C0006B1AD82FEC00122F14 /* ikons */,
				05A0BD6C1AC2652E006A8686 /* Supporting Files */,
				051FF6591AC9E8CF00230E5E /* PopoverViewController.h */,
				051FF65A1AC9E8CF00230E5E /* PopoverViewController.m */,
				051FF65B1AC9E8CF00230E5E /* PopoverViewController.xib */,
				051FF6601ACB139200230E5E /* DropListViewController.h */,
				051FF6611ACB139200230E5E /* DropListViewController.m */,
				051FF6621ACB139200230E5E /* DropListViewController.xib */,
				05C0005A1AD721F500122F14 /* Upload.h */,
				05C0005B1AD721F500122F14 /* Upload.m */,
				05C0006C1AD832F200122F14 /* UploadController.h */,
				05C0006D1AD832F200122F14 /* UploadController.m */,
				05C1E20E1AD867360022936F /* ConfigurationViewController.h */,
				05C1E20F1AD867360022936F /* ConfigurationViewController.m */,
				05C1E2101AD867360022936F /* ConfigurationViewController.xib */,
				05C1089D1AE1C3C000477D15 /* ScreenshotAutoUploader.h */,
				05C1089E1AE1C3C000477D15 /* ScreenshotAutoUploader.m */,
			);
			path = Dropit;
			sourceTree = "<group>";
		};
		05A0BD6C1AC2652E006A8686 /* Supporting Files */ = {
			isa = PBXGroup;
			children = (
				05C1E2141AD868290022936F /* Configuration.h */,
				05A0BD6D1AC2652E006A8686 /* Info.plist */,
				05A0BD711AC2652E006A8686 /* main.m */,
			);
			name = "Supporting Files";
			sourceTree = "<group>";
		};
		05A0BD7F1AC2652F006A8686 /* DropitTests */ = {
			isa = PBXGroup;
			children = (
				05A0BD821AC2652F006A8686 /* DropitTests.m */,
				05A0BD801AC2652F006A8686 /* Supporting Files */,
			);
			path = DropitTests;
			sourceTree = "<group>";
		};
		05A0BD801AC2652F006A8686 /* Supporting Files */ = {
			isa = PBXGroup;
			children = (
				05A0BD811AC2652F006A8686 /* Info.plist */,
			);
			name = "Supporting Files";
			sourceTree = "<group>";
		};
		05C0006B1AD82FEC00122F14 /* ikons */ = {
			isa = PBXGroup;
			children = (
				05C000671AD82FBD00122F14 /* drop.png */,
				05C108501ADD8D4C00477D15 /* drop_0.png */,
				05C108511ADD8D4C00477D15 /* drop_10.png */,
				05C108521ADD8D4C00477D15 /* drop_25.png */,
				05C108531ADD8D4C00477D15 /* drop_40.png */,
				05C108541ADD8D4C00477D15 /* drop_50.png */,
				05C108551ADD8D4C00477D15 /* drop_65.png */,
				05C108561ADD8D4C00477D15 /* drop_75.png */,
				05C108571ADD8D4C00477D15 /* drop_90.png */,
				05C108581ADD8D4C00477D15 /* drop_error.png */,
				05C108591ADD8D4C00477D15 /* drop_ok.png */,
			);
			name = ikons;
			sourceTree = "<group>";
		};
		05C1088C1AE199A800477D15 /* Vendor */ = {
			isa = PBXGroup;
			children = (
			);
			name = Vendor;
			sourceTree = "<group>";
		};
		38A7AE2BA446B0B31F371A93 /* Frameworks */ = {
			isa = PBXGroup;
			children = (
				5069B131DE06623663ECC337 /* libPods-Dropit.a */,
			);
			name = Frameworks;
			sourceTree = "<group>";
		};
		C1BF4833F8DCA5278B0EE69F /* Pods */ = {
			isa = PBXGroup;
			children = (
				3198A853D87787295E813639 /* Pods-Dropit.debug.xcconfig */,
				B008D2AD57AA9772C62CE17F /* Pods-Dropit.release.xcconfig */,
			);
			name = Pods;
			sourceTree = "<group>";
		};
/* End PBXGroup section */

/* Begin PBXNativeTarget section */
		05A0BD681AC2652E006A8686 /* Dropit */ = {
			isa = PBXNativeTarget;
			buildConfigurationList = 05A0BD861AC2652F006A8686 /* Build configuration list for PBXNativeTarget "Dropit" */;
			buildPhases = (
				3E2CD0B9A9F2496790E48BA7 /* Check Pods Manifest.lock */,
				05A0BD651AC2652E006A8686 /* Sources */,
				05A0BD661AC2652E006A8686 /* Frameworks */,
				05A0BD671AC2652E006A8686 /* Resources */,
				F549380C39BD4B85319F029F /* Copy Pods Resources */,
			);
			buildRules = (
			);
			dependencies = (
			);
			name = Dropit;
			productName = Dropit;
			productReference = 05A0BD691AC2652E006A8686 /* Dropit.app */;
			productType = "com.apple.product-type.application";
		};
		05A0BD7B1AC2652F006A8686 /* DropitTests */ = {
			isa = PBXNativeTarget;
			buildConfigurationList = 05A0BD891AC2652F006A8686 /* Build configuration list for PBXNativeTarget "DropitTests" */;
			buildPhases = (
				05A0BD781AC2652F006A8686 /* Sources */,
				05A0BD791AC2652F006A8686 /* Frameworks */,
				05A0BD7A1AC2652F006A8686 /* Resources */,
			);
			buildRules = (
			);
			dependencies = (
				05A0BD7E1AC2652F006A8686 /* PBXTargetDependency */,
			);
			name = DropitTests;
			productName = DropitTests;
			productReference = 05A0BD7C1AC2652F006A8686 /* DropitTests.xctest */;
			productType = "com.apple.product-type.bundle.unit-test";
		};
/* End PBXNativeTarget section */

/* Begin PBXProject section */
		05A0BD611AC2652E006A8686 /* Project object */ = {
			isa = PBXProject;
			attributes = {
				LastUpgradeCheck = 0620;
				ORGANIZATIONNAME = "John Hobbs";
				TargetAttributes = {
					05A0BD681AC2652E006A8686 = {
						CreatedOnToolsVersion = 6.2;
					};
					05A0BD7B1AC2652F006A8686 = {
						CreatedOnToolsVersion = 6.2;
						TestTargetID = 05A0BD681AC2652E006A8686;
					};
				};
			};
			buildConfigurationList = 05A0BD641AC2652E006A8686 /* Build configuration list for PBXProject "Dropit" */;
			compatibilityVersion = "Xcode 3.2";
			developmentRegion = English;
			hasScannedForEncodings = 0;
			knownRegions = (
				en,
				Base,
			);
			mainGroup = 05A0BD601AC2652E006A8686;
			productRefGroup = 05A0BD6A1AC2652E006A8686 /* Products */;
			projectDirPath = "";
			projectRoot = "";
			targets = (
				05A0BD681AC2652E006A8686 /* Dropit */,
				05A0BD7B1AC2652F006A8686 /* DropitTests */,
			);
		};
/* End PBXProject section */

/* Begin PBXResourcesBuildPhase section */
		05A0BD671AC2652E006A8686 /* Resources */ = {
			isa = PBXResourcesBuildPhase;
			buildActionMask = 2147483647;
			files = (
				05C1085C1ADD8D4C00477D15 /* drop_25.png in Resources */,
				05A0BD741AC2652E006A8686 /* Images.xcassets in Resources */,
				05C108621ADD8D4C00477D15 /* drop_error.png in Resources */,
				05C1085D1ADD8D4C00477D15 /* drop_40.png in Resources */,
				05C1E2121AD867360022936F /* ConfigurationViewController.xib in Resources */,
				05C108601ADD8D4C00477D15 /* drop_75.png in Resources */,
				05A0BD771AC2652F006A8686 /* MainMenu.xib in Resources */,
				05C1085B1ADD8D4C00477D15 /* drop_10.png in Resources */,
				051FF6641ACB139200230E5E /* DropListViewController.xib in Resources */,
				051FF65D1AC9E8CF00230E5E /* PopoverViewController.xib in Resources */,
				05C000681AD82FBD00122F14 /* drop.png in Resources */,
				05C1085F1ADD8D4C00477D15 /* drop_65.png in Resources */,
				05C108631ADD8D4C00477D15 /* drop_ok.png in Resources */,
				05C108611ADD8D4C00477D15 /* drop_90.png in Resources */,
				05C1085A1ADD8D4C00477D15 /* drop_0.png in Resources */,
				05C1085E1ADD8D4C00477D15 /* drop_50.png in Resources */,
			);
			runOnlyForDeploymentPostprocessing = 0;
		};
		05A0BD7A1AC2652F006A8686 /* Resources */ = {
			isa = PBXResourcesBuildPhase;
			buildActionMask = 2147483647;
			files = (
			);
			runOnlyForDeploymentPostprocessing = 0;
		};
/* End PBXResourcesBuildPhase section */

/* Begin PBXShellScriptBuildPhase section */
		3E2CD0B9A9F2496790E48BA7 /* Check Pods Manifest.lock */ = {
			isa = PBXShellScriptBuildPhase;
			buildActionMask = 2147483647;
			files = (
			);
			inputPaths = (
			);
			name = "Check Pods Manifest.lock";
			outputPaths = (
			);
			runOnlyForDeploymentPostprocessing = 0;
			shellPath = /bin/sh;
			shellScript = "diff \"${PODS_ROOT}/../Podfile.lock\" \"${PODS_ROOT}/Manifest.lock\" > /dev/null\nif [[ $? != 0 ]] ; then\n    cat << EOM\nerror: The sandbox is not in sync with the Podfile.lock. Run 'pod install' or update your CocoaPods installation.\nEOM\n    exit 1\nfi\n";
			showEnvVarsInLog = 0;
		};
		F549380C39BD4B85319F029F /* Copy Pods Resources */ = {
			isa = PBXShellScriptBuildPhase;
			buildActionMask = 2147483647;
			files = (
			);
			inputPaths = (
			);
			name = "Copy Pods Resources";
			outputPaths = (
			);
			runOnlyForDeploymentPostprocessing = 0;
			shellPath = /bin/sh;
			shellScript = "\"${SRCROOT}/Pods/Target Support Files/Pods-Dropit/Pods-Dropit-resources.sh\"\n";
			showEnvVarsInLog = 0;
		};
/* End PBXShellScriptBuildPhase section */

/* Begin PBXSourcesBuildPhase section */
		05A0BD651AC2652E006A8686 /* Sources */ = {
			isa = PBXSourcesBuildPhase;
			buildActionMask = 2147483647;
			files = (
				05C1089F1AE1C3C000477D15 /* ScreenshotAutoUploader.m in Sources */,
				05A0BD721AC2652E006A8686 /* main.m in Sources */,
				051FF6631ACB139200230E5E /* DropListViewController.m in Sources */,
				05C0005C1AD721F500122F14 /* Upload.m in Sources */,
				05A0BD701AC2652E006A8686 /* AppDelegate.m in Sources */,
				051FF65C1AC9E8CF00230E5E /* PopoverViewController.m in Sources */,
				05C0006E1AD832F200122F14 /* UploadController.m in Sources */,
				05A0BD941AC2809A006A8686 /* DropitStatusBarItem.m in Sources */,
				05C1E2111AD867360022936F /* ConfigurationViewController.m in Sources */,
			);
			runOnlyForDeploymentPostprocessing = 0;
		};
		05A0BD781AC2652F006A8686 /* Sources */ = {
			isa = PBXSourcesBuildPhase;
			buildActionMask = 2147483647;
			files = (
				05A0BD831AC2652F006A8686 /* DropitTests.m in Sources */,
			);
			runOnlyForDeploymentPostprocessing = 0;
		};
/* End PBXSourcesBuildPhase section */

/* Begin PBXTargetDependency section */
		05A0BD7E1AC2652F006A8686 /* PBXTargetDependency */ = {
			isa = PBXTargetDependency;
			target = 05A0BD681AC2652E006A8686 /* Dropit */;
			targetProxy = 05A0BD7D1AC2652F006A8686 /* PBXContainerItemProxy */;
		};
/* End PBXTargetDependency section */

/* Begin PBXVariantGroup section */
		05A0BD751AC2652F006A8686 /* MainMenu.xib */ = {
			isa = PBXVariantGroup;
			children = (
				05A0BD761AC2652F006A8686 /* Base */,
			);
			name = MainMenu.xib;
			sourceTree = "<group>";
		};
/* End PBXVariantGroup section */

/* Begin XCBuildConfiguration section */
		05A0BD841AC2652F006A8686 /* Debug */ = {
			isa = XCBuildConfiguration;
			buildSettings = {
				ALWAYS_SEARCH_USER_PATHS = NO;
				CLANG_CXX_LANGUAGE_STANDARD = "gnu++0x";
				CLANG_CXX_LIBRARY = "libc++";
				CLANG_ENABLE_MODULES = YES;
				CLANG_ENABLE_OBJC_ARC = YES;
				CLANG_WARN_BOOL_CONVERSION = YES;
				CLANG_WARN_CONSTANT_CONVERSION = YES;
				CLANG_WARN_DIRECT_OBJC_ISA_USAGE = YES_ERROR;
				CLANG_WARN_EMPTY_BODY = YES;
				CLANG_WARN_ENUM_CONVERSION = YES;
				CLANG_WARN_INT_CONVERSION = YES;
				CLANG_WARN_OBJC_ROOT_CLASS = YES_ERROR;
				CLANG_WARN_UNREACHABLE_CODE = YES;
				CLANG_WARN__DUPLICATE_METHOD_MATCH = YES;
				CODE_SIGN_IDENTITY = "-";
				COPY_PHASE_STRIP = NO;
				ENABLE_STRICT_OBJC_MSGSEND = YES;
				GCC_C_LANGUAGE_STANDARD = gnu99;
				GCC_DYNAMIC_NO_PIC = NO;
				GCC_OPTIMIZATION_LEVEL = 0;
				GCC_PREPROCESSOR_DEFINITIONS = (
					"DEBUG=1",
					"$(inherited)",
				);
				GCC_SYMBOLS_PRIVATE_EXTERN = NO;
				GCC_WARN_64_TO_32_BIT_CONVERSION = YES;
				GCC_WARN_ABOUT_RETURN_TYPE = YES_ERROR;
				GCC_WARN_UNDECLARED_SELECTOR = YES;
				GCC_WARN_UNINITIALIZED_AUTOS = YES_AGGRESSIVE;
				GCC_WARN_UNUSED_FUNCTION = YES;
				GCC_WARN_UNUSED_VARIABLE = YES;
				MACOSX_DEPLOYMENT_TARGET = 10.10;
				MTL_ENABLE_DEBUG_INFO = YES;
				ONLY_ACTIVE_ARCH = YES;
				SDKROOT = macosx;
			};
			name = Debug;
		};
		05A0BD851AC2652F006A8686 /* Release */ = {
			isa = XCBuildConfiguration;
			buildSettings = {
				ALWAYS_SEARCH_USER_PATHS = NO;
				CLANG_CXX_LANGUAGE_STANDARD = "gnu++0x";
				CLANG_CXX_LIBRARY = "libc++";
				CLANG_ENABLE_MODULES = YES;
				CLANG_ENABLE_OBJC_ARC = YES;
				CLANG_WARN_BOOL_CONVERSION = YES;
				CLANG_WARN_CONSTANT_CONVERSION = YES;
				CLANG_WARN_DIRECT_OBJC_ISA_USAGE = YES_ERROR;
				CLANG_WARN_EMPTY_BODY = YES;
				CLANG_WARN_ENUM_CONVERSION = YES;
				CLANG_WARN_INT_CONVERSION = YES;
				CLANG_WARN_OBJC_ROOT_CLASS = YES_ERROR;
				CLANG_WARN_UNREACHABLE_CODE = YES;
				CLANG_WARN__DUPLICATE_METHOD_MATCH = YES;
				CODE_SIGN_IDENTITY = "-";
				COPY_PHASE_STRIP = NO;
				DEBUG_INFORMATION_FORMAT = "dwarf-with-dsym";
				ENABLE_NS_ASSERTIONS = NO;
				ENABLE_STRICT_OBJC_MSGSEND = YES;
				GCC_C_LANGUAGE_STANDARD = gnu99;
				GCC_WARN_64_TO_32_BIT_CONVERSION = YES;
				GCC_WARN_ABOUT_RETURN_TYPE = YES_ERROR;
				GCC_WARN_UNDECLARED_SELECTOR = YES;
				GCC_WARN_UNINITIALIZED_AUTOS = YES_AGGRESSIVE;
				GCC_WARN_UNUSED_FUNCTION = YES;
				GCC_WARN_UNUSED_VARIABLE = YES;
				MACOSX_DEPLOYMENT_TARGET = 10.10;
				MTL_ENABLE_DEBUG_INFO = NO;
				SDKROOT = macosx;
			};
			name = Release;
		};
		05A0BD871AC2652F006A8686 /* Debug */ = {
			isa = XCBuildConfiguration;
			baseConfigurationReference = 3198A853D87787295E813639 /* Pods-Dropit.debug.xcconfig */;
			buildSettings = {
				ASSETCATALOG_COMPILER_APPICON_NAME = AppIcon;
				COMBINE_HIDPI_IMAGES = YES;
				INFOPLIST_FILE = Dropit/Info.plist;
				LD_RUNPATH_SEARCH_PATHS = "$(inherited) @executable_path/../Frameworks";
				PRODUCT_NAME = "$(TARGET_NAME)";
			};
			name = Debug;
		};
		05A0BD881AC2652F006A8686 /* Release */ = {
			isa = XCBuildConfiguration;
			baseConfigurationReference = B008D2AD57AA9772C62CE17F /* Pods-Dropit.release.xcconfig */;
			buildSettings = {
				ASSETCATALOG_COMPILER_APPICON_NAME = AppIcon;
				COMBINE_HIDPI_IMAGES = YES;
				INFOPLIST_FILE = Dropit/Info.plist;
				LD_RUNPATH_SEARCH_PATHS = "$(inherited) @executable_path/../Frameworks";
				PRODUCT_NAME = "$(TARGET_NAME)";
			};
			name = Release;
		};
		05A0BD8A1AC2652F006A8686 /* Debug */ = {
			isa = XCBuildConfiguration;
			buildSettings = {
				BUNDLE_LOADER = "$(TEST_HOST)";
				COMBINE_HIDPI_IMAGES = YES;
				FRAMEWORK_SEARCH_PATHS = (
					"$(DEVELOPER_FRAMEWORKS_DIR)",
					"$(inherited)",
				);
				GCC_PREPROCESSOR_DEFINITIONS = (
					"DEBUG=1",
					"$(inherited)",
				);
				INFOPLIST_FILE = DropitTests/Info.plist;
				LD_RUNPATH_SEARCH_PATHS = "$(inherited) @executable_path/../Frameworks @loader_path/../Frameworks";
				PRODUCT_NAME = "$(TARGET_NAME)";
				TEST_HOST = "$(BUILT_PRODUCTS_DIR)/Dropit.app/Contents/MacOS/Dropit";
			};
			name = Debug;
		};
		05A0BD8B1AC2652F006A8686 /* Release */ = {
			isa = XCBuildConfiguration;
			buildSettings = {
				BUNDLE_LOADER = "$(TEST_HOST)";
				COMBINE_HIDPI_IMAGES = YES;
				FRAMEWORK_SEARCH_PATHS = (
					"$(DEVELOPER_FRAMEWORKS_DIR)",
					"$(inherited)",
				);
				INFOPLIST_FILE = DropitTests/Info.plist;
				LD_RUNPATH_SEARCH_PATHS = "$(inherited) @executable_path/../Frameworks @loader_path/../Frameworks";
				PRODUCT_NAME = "$(TARGET_NAME)";
				TEST_HOST = "$(BUILT_PRODUCTS_DIR)/Dropit.app/Contents/MacOS/Dropit";
			};
			name = Release;
		};
/* End XCBuildConfiguration section */

/* Begin XCConfigurationList section */
		05A0BD641AC2652E006A8686 /* Build configuration list for PBXProject "Dropit" */ = {
			isa = XCConfigurationList;
			buildConfigurations = (
				05A0BD841AC2652F006A8686 /* Debug */,
				05A0BD851AC2652F006A8686 /* Release */,
			);
			defaultConfigurationIsVisible = 0;
			defaultConfigurationName = Release;
		};
		05A0BD861AC2652F006A8686 /* Build configuration list for PBXNativeTarget "Dropit" */ = {
			isa = XCConfigurationList;
			buildConfigurations = (
				05A0BD871AC2652F006A8686 /* Debug */,
				05A0BD881AC2652F006A8686 /* Release */,
			);
			defaultConfigurationIsVisible = 0;
			defaultConfigurationName = Release;
		};
		05A0BD891AC2652F006A8686 /* Build configuration list for PBXNativeTarget "DropitTests" */ = {
			isa = XCConfigurationList;
			buildConfigurations = (
				05A0BD8A1AC2652F006A8686 /* Debug */,
				05A0BD8B1AC2652F006A8686 /* Release */,
			);
			defaultConfigurationIsVisible = 0;
			defaultConfigurationName = Release;
		};
/* End XCConfigurationList section */
	};
	rootObject = 05A0BD611AC2652E006A8686 /* Project object */;
}
